// !$*UTF8*$!
{
	archiveVersion = 1;
	classes = {
	};
	objectVersion = 46;
	objects = {

/* Begin PBXBuildFile section */
		58D633E51A2F99300029D480 /* main.m in Sources */ = {isa = PBXBuildFile; fileRef = 58D633E41A2F99300029D480 /* main.m */; };
		58D633E81A2F99300029D480 /* AppDelegate.m in Sources */ = {isa = PBXBuildFile; fileRef = 58D633E71A2F99300029D480 /* AppDelegate.m */; };
		58D633F11A2F99300029D480 /* Main.storyboard in Resources */ = {isa = PBXBuildFile; fileRef = 58D633EF1A2F99300029D480 /* Main.storyboard */; };
		58D633F31A2F99300029D480 /* Images.xcassets in Resources */ = {isa = PBXBuildFile; fileRef = 58D633F21A2F99300029D480 /* Images.xcassets */; };
		58D633F61A2F99300029D480 /* LaunchScreen.xib in Resources */ = {isa = PBXBuildFile; fileRef = 58D633F41A2F99300029D480 /* LaunchScreen.xib */; };
		58D634021A2F99300029D480 /* TableViewTestTests.m in Sources */ = {isa = PBXBuildFile; fileRef = 58D634011A2F99300029D480 /* TableViewTestTests.m */; };
		58D6340D1A2F9BF70029D480 /* TableViewController.m in Sources */ = {isa = PBXBuildFile; fileRef = 58D6340C1A2F9BF70029D480 /* TableViewController.m */; };
		58D634101A2F9D4B0029D480 /* FlameCell.m in Sources */ = {isa = PBXBuildFile; fileRef = 58D6340F1A2F9D4B0029D480 /* FlameCell.m */; };
/* End PBXBuildFile section */

/* Begin PBXContainerItemProxy section */
		58D633FC1A2F99300029D480 /* PBXContainerItemProxy */ = {
			isa = PBXContainerItemProxy;
			containerPortal = 58D633D71A2F99300029D480 /* Project object */;
			proxyType = 1;
			remoteGlobalIDString = 58D633DE1A2F99300029D480;
			remoteInfo = TableViewTest;
		};
/* End PBXContainerItemProxy section */

/* Begin PBXFileReference section */
		58D633DF1A2F99300029D480 /* TableViewTest.app */ = {isa = PBXFileReference; explicitFileType = wrapper.application; includeInIndex = 0; path = TableViewTest.app; sourceTree = BUILT_PRODUCTS_DIR; };
		58D633E31A2F99300029D480 /* Info.plist */ = {isa = PBXFileReference; lastKnownFileType = text.plist.xml; path = Info.plist; sourceTree = "<group>"; };
		58D633E41A2F99300029D480 /* main.m */ = {isa = PBXFileReference; lastKnownFileType = sourcecode.c.objc; path = main.m; sourceTree = "<group>"; };
		58D633E61A2F99300029D480 /* AppDelegate.h */ = {isa = PBXFileReference; lastKnownFileType = sourcecode.c.h; path = AppDelegate.h; sourceTree = "<group>"; };
		58D633E71A2F99300029D480 /* AppDelegate.m */ = {isa = PBXFileReference; lastKnownFileType = sourcecode.c.objc; path = AppDelegate.m; sourceTree = "<group>"; };
		58D633F01A2F99300029D480 /* Base */ = {isa = PBXFileReference; lastKnownFileType = file.storyboard; name = Base; path = Base.lproj/Main.storyboard; sourceTree = "<group>"; };
		58D633F21A2F99300029D480 /* Images.xcassets */ = {isa = PBXFileReference; lastKnownFileType = folder.assetcatalog; path = Images.xcassets; sourceTree = "<group>"; };
		58D633F51A2F99300029D480 /* Base */ = {isa = PBXFileReference; lastKnownFileType = file.xib; name = Base; path = Base.lproj/LaunchScreen.xib; sourceTree = "<group>"; };
		58D633FB1A2F99300029D480 /* TableViewTestTests.xctest */ = {isa = PBXFileReference; explicitFileType = wrapper.cfbundle; includeInIndex = 0; path = TableViewTestTests.xctest; sourceTree = BUILT_PRODUCTS_DIR; };
		58D634001A2F99300029D480 /* Info.plist */ = {isa = PBXFileReference; lastKnownFileType = text.plist.xml; path = Info.plist; sourceTree = "<group>"; };
		58D634011A2F99300029D480 /* TableViewTestTests.m */ = {isa = PBXFileReference; lastKnownFileType = sourcecode.c.objc; path = TableViewTestTests.m; sourceTree = "<group>"; };
		58D6340B1A2F9BF70029D480 /* TableViewController.h */ = {isa = PBXFileReference; fileEncoding = 4; lastKnownFileType = sourcecode.c.h; path = TableViewController.h; sourceTree = "<group>"; };
		58D6340C1A2F9BF70029D480 /* TableViewController.m */ = {isa = PBXFileReference; fileEncoding = 4; lastKnownFileType = sourcecode.c.objc; path = TableViewController.m; sourceTree = "<group>"; };
		58D6340E1A2F9D4B0029D480 /* FlameCell.h */ = {isa = PBXFileReference; fileEncoding = 4; lastKnownFileType = sourcecode.c.h; path = FlameCell.h; sourceTree = "<group>"; };
		58D6340F1A2F9D4B0029D480 /* FlameCell.m */ = {isa = PBXFileReference; fileEncoding = 4; lastKnownFileType = sourcecode.c.objc; path = FlameCell.m; sourceTree = "<group>"; };
/* End PBXFileReference section */

/* Begin PBXFrameworksBuildPhase section */
		58D633DC1A2F99300029D480 /* Frameworks */ = {
			isa = PBXFrameworksBuildPhase;
			buildActionMask = 2147483647;
			files = (
			);
			runOnlyForDeploymentPostprocessing = 0;
		};
		58D633F81A2F99300029D480 /* Frameworks */ = {
			isa = PBXFrameworksBuildPhase;
			buildActionMask = 2147483647;
			files = (
			);
			runOnlyForDeploymentPostprocessing = 0;
		};
/* End PBXFrameworksBuildPhase section */

/* Begin PBXGroup section */
		58D633D61A2F99300029D480 = {
			isa = PBXGroup;
			children = (
				58D633E11A2F99300029D480 /* TableViewTest */,
				58D633FE1A2F99300029D480 /* TableViewTestTests */,
				58D633E01A2F99300029D480 /* Products */,
			);
			sourceTree = "<group>";
		};
		58D633E01A2F99300029D480 /* Products */ = {
			isa = PBXGroup;
			children = (
				58D633DF1A2F99300029D480 /* TableViewTest.app */,
				58D633FB1A2F99300029D480 /* TableViewTestTests.xctest */,
			);
			name = Products;
			sourceTree = "<group>";
		};
		58D633E11A2F99300029D480 /* TableViewTest */ = {
			isa = PBXGroup;
			children = (
				58D633E61A2F99300029D480 /* AppDelegate.h */,
				58D633E71A2F99300029D480 /* AppDelegate.m */,
				58D6340B1A2F9BF70029D480 /* TableViewController.h */,
				58D6340C1A2F9BF70029D480 /* TableViewController.m */,
				58D6340E1A2F9D4B0029D480 /* FlameCell.h */,
				58D6340F1A2F9D4B0029D480 /* FlameCell.m */,
				58D633EF1A2F99300029D480 /* Main.storyboard */,
				58D633F21A2F99300029D480 /* Images.xcassets */,
				58D633F41A2F99300029D480 /* LaunchScreen.xib */,
				58D633E21A2F99300029D480 /* Supporting Files */,
			);
			path = TableViewTest;
			sourceTree = "<group>";
		};
		58D633E21A2F99300029D480 /* Supporting Files */ = {
			isa = PBXGroup;
			children = (
				58D633E31A2F99300029D480 /* Info.plist */,
				58D633E41A2F99300029D480 /* main.m */,
			);
			name = "Supporting Files";
			sourceTree = "<group>";
		};
		58D633FE1A2F99300029D480 /* TableViewTestTests */ = {
			isa = PBXGroup;
			children = (
				58D634011A2F99300029D480 /* TableViewTestTests.m */,
				58D633FF1A2F99300029D480 /* Supporting Files */,
			);
			path = TableViewTestTests;
			sourceTree = "<group>";
		};
		58D633FF1A2F99300029D480 /* Supporting Files */ = {
			isa = PBXGroup;
			children = (
				58D634001A2F99300029D480 /* Info.plist */,
			);
			name = "Supporting Files";
			sourceTree = "<group>";
		};
/* End PBXGroup section */

/* Begin PBXNativeTarget section */
		58D633DE1A2F99300029D480 /* TableViewTest */ = {
			isa = PBXNativeTarget;
			buildConfigurationList = 58D634051A2F99300029D480 /* Build configuration list for PBXNativeTarget "TableViewTest" */;
			buildPhases = (
				58D633DB1A2F99300029D480 /* Sources */,
				58D633DC1A2F99300029D480 /* Frameworks */,
				58D633DD1A2F99300029D480 /* Resources */,
			);
			buildRules = (
			);
			dependencies = (
			);
			name = TableViewTest;
			productName = TableViewTest;
			productReference = 58D633DF1A2F99300029D480 /* TableViewTest.app */;
			productType = "com.apple.product-type.application";
		};
		58D633FA1A2F99300029D480 /* TableViewTestTests */ = {
			isa = PBXNativeTarget;
			buildConfigurationList = 58D634081A2F99300029D480 /* Build configuration list for PBXNativeTarget "TableViewTestTests" */;
			buildPhases = (
				58D633F71A2F99300029D480 /* Sources */,
				58D633F81A2F99300029D480 /* Frameworks */,
				58D633F91A2F99300029D480 /* Resources */,
			);
			buildRules = (
			);
			dependencies = (
				58D633FD1A2F99300029D480 /* PBXTargetDependency */,
			);
			name = TableViewTestTests;
			productName = TableViewTestTests;
			productReference = 58D633FB1A2F99300029D480 /* TableViewTestTests.xctest */;
			productType = "com.apple.product-type.bundle.unit-test";
		};
/* End PBXNativeTarget section */

/* Begin PBXProject section */
		58D633D71A2F99300029D480 /* Project object */ = {
			isa = PBXProject;
			attributes = {
				LastUpgradeCheck = 0610;
				ORGANIZATIONNAME = codeispoetry.ru;
				TargetAttributes = {
					58D633DE1A2F99300029D480 = {
						CreatedOnToolsVersion = 6.1.1;
					};
					58D633FA1A2F99300029D480 = {
						CreatedOnToolsVersion = 6.1.1;
						TestTargetID = 58D633DE1A2F99300029D480;
					};
				};
			};
			buildConfigurationList = 58D633DA1A2F99300029D480 /* Build configuration list for PBXProject "TableViewTest" */;
			compatibilityVersion = "Xcode 3.2";
			developmentRegion = English;
			hasScannedForEncodings = 0;
			knownRegions = (
				en,
				Base,
			);
			mainGroup = 58D633D61A2F99300029D480;
			productRefGroup = 58D633E01A2F99300029D480 /* Products */;
			projectDirPath = "";
			projectRoot = "";
			targets = (
				58D633DE1A2F99300029D480 /* TableViewTest */,
				58D633FA1A2F99300029D480 /* TableViewTestTests */,
			);
		};
/* End PBXProject section */

/* Begin PBXResourcesBuildPhase section */
		58D633DD1A2F99300029D480 /* Resources */ = {
			isa = PBXResourcesBuildPhase;
			buildActionMask = 2147483647;
			files = (
				58D633F11A2F99300029D480 /* Main.storyboard in Resources */,
				58D633F61A2F99300029D480 /* LaunchScreen.xib in Resources */,
				58D633F31A2F99300029D480 /* Images.xcassets in Resources */,
			);
			runOnlyForDeploymentPostprocessing = 0;
		};
		58D633F91A2F99300029D480 /* Resources */ = {
			isa = PBXResourcesBuildPhase;
			buildActionMask = 2147483647;
			files = (
			);
			runOnlyForDeploymentPostprocessing = 0;
		};
/* End PBXResourcesBuildPhase section */

/* Begin PBXSourcesBuildPhase section */
		58D633DB1A2F99300029D480 /* Sources */ = {
			isa = PBXSourcesBuildPhase;
			buildActionMask = 2147483647;
			files = (
				58D633E81A2F99300029D480 /* AppDelegate.m in Sources */,
				58D6340D1A2F9BF70029D480 /* TableViewController.m in Sources */,
				58D633E51A2F99300029D480 /* main.m in Sources */,
				58D634101A2F9D4B0029D480 /* FlameCell.m in Sources */,
			);
			runOnlyForDeploymentPostprocessing = 0;
		};
		58D633F71A2F99300029D480 /* Sources */ = {
			isa = PBXSourcesBuildPhase;
			buildActionMask = 2147483647;
			files = (
				58D634021A2F99300029D480 /* TableViewTestTests.m in Sources */,
			);
			runOnlyForDeploymentPostprocessing = 0;
		};
/* End PBXSourcesBuildPhase section */

/* Begin PBXTargetDependency section */
		58D633FD1A2F99300029D480 /* PBXTargetDependency */ = {
			isa = PBXTargetDependency;
			target = 58D633DE1A2F99300029D480 /* TableViewTest */;
			targetProxy = 58D633FC1A2F99300029D480 /* PBXContainerItemProxy */;
		};
/* End PBXTargetDependency section */

/* Begin PBXVariantGroup section */
		58D633EF1A2F99300029D480 /* Main.storyboard */ = {
			isa = PBXVariantGroup;
			children = (
				58D633F01A2F99300029D480 /* Base */,
			);
			name = Main.storyboard;
			sourceTree = "<group>";
		};
		58D633F41A2F99300029D480 /* LaunchScreen.xib */ = {
			isa = PBXVariantGroup;
			children = (
				58D633F51A2F99300029D480 /* Base */,
			);
			name = LaunchScreen.xib;
			sourceTree = "<group>";
		};
/* End PBXVariantGroup section */

/* Begin XCBuildConfiguration section */
		58D634031A2F99300029D480 /* Debug */ = {
			isa = XCBuildConfiguration;
			buildSettings = {
				ALWAYS_SEARCH_USER_PATHS = NO;
				CLANG_CXX_LANGUAGE_STANDARD = "gnu++0x";
				CLANG_CXX_LIBRARY = "libc++";
				CLANG_ENABLE_MODULES = YES;
				CLANG_ENABLE_OBJC_ARC = YES;
				CLANG_WARN_BOOL_CONVERSION = YES;
				CLANG_WARN_CONSTANT_CONVERSION = YES;
				CLANG_WARN_DIRECT_OBJC_ISA_USAGE = YES_ERROR;
				CLANG_WARN_EMPTY_BODY = YES;
				CLANG_WARN_ENUM_CONVERSION = YES;
				CLANG_WARN_INT_CONVERSION = YES;
				CLANG_WARN_OBJC_ROOT_CLASS = YES_ERROR;
				CLANG_WARN_UNREACHABLE_CODE = YES;
				CLANG_WARN__DUPLICATE_METHOD_MATCH = YES;
				"CODE_SIGN_IDENTITY[sdk=iphoneos*]" = "iPhone Developer";
				COPY_PHASE_STRIP = NO;
				ENABLE_STRICT_OBJC_MSGSEND = YES;
				GCC_C_LANGUAGE_STANDARD = gnu99;
				GCC_DYNAMIC_NO_PIC = NO;
				GCC_OPTIMIZATION_LEVEL = 0;
				GCC_PREPROCESSOR_DEFINITIONS = (
					"DEBUG=1",
					"$(inherited)",
				);
				GCC_SYMBOLS_PRIVATE_EXTERN = NO;
				GCC_WARN_64_TO_32_BIT_CONVERSION = YES;
				GCC_WARN_ABOUT_RETURN_TYPE = YES_ERROR;
				GCC_WARN_UNDECLARED_SELECTOR = YES;
				GCC_WARN_UNINITIALIZED_AUTOS = YES_AGGRESSIVE;
				GCC_WARN_UNUSED_FUNCTION = YES;
				GCC_WARN_UNUSED_VARIABLE = YES;
				IPHONEOS_DEPLOYMENT_TARGET = 8.1;
				MTL_ENABLE_DEBUG_INFO = YES;
				ONLY_ACTIVE_ARCH = YES;
				SDKROOT = iphoneos;
			};
			name = Debug;
		};
		58D634041A2F99300029D480 /* Release */ = {
			isa = XCBuildConfiguration;
			buildSettings = {
				ALWAYS_SEARCH_USER_PATHS = NO;
				CLANG_CXX_LANGUAGE_STANDARD = "gnu++0x";
				CLANG_CXX_LIBRARY = "libc++";
				CLANG_ENABLE_MODULES = YES;
				CLANG_ENABLE_OBJC_ARC = YES;
				CLANG_WARN_BOOL_CONVERSION = YES;
				CLANG_WARN_CONSTANT_CONVERSION = YES;
				CLANG_WARN_DIRECT_OBJC_ISA_USAGE = YES_ERROR;
				CLANG_WARN_EMPTY_BODY = YES;
				CLANG_WARN_ENUM_CONVERSION = YES;
				CLANG_WARN_INT_CONVERSION = YES;
				CLANG_WARN_OBJC_ROOT_CLASS = YES_ERROR;
				CLANG_WARN_UNREACHABLE_CODE = YES;
				CLANG_WARN__DUPLICATE_METHOD_MATCH = YES;
				"CODE_SIGN_IDENTITY[sdk=iphoneos*]" = "iPhone Developer";
				COPY_PHASE_STRIP = YES;
				ENABLE_NS_ASSERTIONS = NO;
				ENABLE_STRICT_OBJC_MSGSEND = YES;
				GCC_C_LANGUAGE_STANDARD = gnu99;
				GCC_WARN_64_TO_32_BIT_CONVERSION = YES;
				GCC_WARN_ABOUT_RETURN_TYPE = YES_ERROR;
				GCC_WARN_UNDECLARED_SELECTOR = YES;
				GCC_WARN_UNINITIALIZED_AUTOS = YES_AGGRESSIVE;
				GCC_WARN_UNUSED_FUNCTION = YES;
				GCC_WARN_UNUSED_VARIABLE = YES;
				IPHONEOS_DEPLOYMENT_TARGET = 8.1;
				MTL_ENABLE_DEBUG_INFO = NO;
				SDKROOT = iphoneos;
				VALIDATE_PRODUCT = YES;
			};
			name = Release;
		};
		58D634061A2F99300029D480 /* Debug */ = {
			isa = XCBuildConfiguration;
			buildSettings = {
				ASSETCATALOG_COMPILER_APPICON_NAME = AppIcon;
				INFOPLIST_FILE = TableViewTest/Info.plist;
				LD_RUNPATH_SEARCH_PATHS = "$(inherited) @executable_path/Frameworks";
				PRODUCT_NAME = "$(TARGET_NAME)";
			};
			name = Debug;
		};
		58D634071A2F99300029D480 /* Release */ = {
			isa = XCBuildConfiguration;
			buildSettings = {
				ASSETCATALOG_COMPILER_APPICON_NAME = AppIcon;
				INFOPLIST_FILE = TableViewTest/Info.plist;
				LD_RUNPATH_SEARCH_PATHS = "$(inherited) @executable_path/Frameworks";
				PRODUCT_NAME = "$(TARGET_NAME)";
			};
			name = Release;
		};
		58D634091A2F99300029D480 /* Debug */ = {
			isa = XCBuildConfiguration;
			buildSettings = {
				BUNDLE_LOADER = "$(TEST_HOST)";
				FRAMEWORK_SEARCH_PATHS = (
					"$(SDKROOT)/Developer/Library/Frameworks",
					"$(inherited)",
				);
				GCC_PREPROCESSOR_DEFINITIONS = (
					"DEBUG=1",
					"$(inherited)",
				);
				INFOPLIST_FILE = TableViewTestTests/Info.plist;
				LD_RUNPATH_SEARCH_PATHS = "$(inherited) @executable_path/Frameworks @loader_path/Frameworks";
				PRODUCT_NAME = "$(TARGET_NAME)";
				TEST_HOST = "$(BUILT_PRODUCTS_DIR)/TableViewTest.app/TableViewTest";
			};
			name = Debug;
		};
		58D6340A1A2F99300029D480 /* Release */ = {
			isa = XCBuildConfiguration;
			buildSettings = {
				BUNDLE_LOADER = "$(TEST_HOST)";
				FRAMEWORK_SEARCH_PATHS = (
					"$(SDKROOT)/Developer/Library/Frameworks",
					"$(inherited)",
				);
				INFOPLIST_FILE = TableViewTestTests/Info.plist;
				LD_RUNPATH_SEARCH_PATHS = "$(inherited) @executable_path/Frameworks @loader_path/Frameworks";
				PRODUCT_NAME = "$(TARGET_NAME)";
				TEST_HOST = "$(BUILT_PRODUCTS_DIR)/TableViewTest.app/TableViewTest";
			};
			name = Release;
		};
/* End XCBuildConfiguration section */

/* Begin XCConfigurationList section */
		58D633DA1A2F99300029D480 /* Build configuration list for PBXProject "TableViewTest" */ = {
			isa = XCConfigurationList;
			buildConfigurations = (
				58D634031A2F99300029D480 /* Debug */,
				58D634041A2F99300029D480 /* Release */,
			);
			defaultConfigurationIsVisible = 0;
			defaultConfigurationName = Release;
		};
		58D634051A2F99300029D480 /* Build configuration list for PBXNativeTarget "TableViewTest" */ = {
			isa = XCConfigurationList;
			buildConfigurations = (
				58D634061A2F99300029D480 /* Debug */,
				58D634071A2F99300029D480 /* Release */,
			);
			defaultConfigurationIsVisible = 0;
		};
		58D634081A2F99300029D480 /* Build configuration list for PBXNativeTarget "TableViewTestTests" */ = {
			isa = XCConfigurationList;
			buildConfigurations = (
				58D634091A2F99300029D480 /* Debug */,
				58D6340A1A2F99300029D480 /* Release */,
			);
			defaultConfigurationIsVisible = 0;
		};
/* End XCConfigurationList section */
	};
	rootObject = 58D633D71A2F99300029D480 /* Project object */;
}
